// !$*UTF8*$!
{
	archiveVersion = 1;
	classes = {
	};
	objectVersion = 46;
	objects = {

/* Begin PBXBuildFile section */
		36AA4A121E13E35E003199AC /* AppDelegate.swift in Sources */ = {isa = PBXBuildFile; fileRef = 36AA4A111E13E35E003199AC /* AppDelegate.swift */; };
		36AA4A141E13E35E003199AC /* ViewController.swift in Sources */ = {isa = PBXBuildFile; fileRef = 36AA4A131E13E35E003199AC /* ViewController.swift */; };
		36AA4A171E13E35E003199AC /* Main.storyboard in Resources */ = {isa = PBXBuildFile; fileRef = 36AA4A151E13E35E003199AC /* Main.storyboard */; };
		36AA4A191E13E35E003199AC /* Assets.xcassets in Resources */ = {isa = PBXBuildFile; fileRef = 36AA4A181E13E35E003199AC /* Assets.xcassets */; };
		36AA4A1C1E13E35E003199AC /* LaunchScreen.storyboard in Resources */ = {isa = PBXBuildFile; fileRef = 36AA4A1A1E13E35E003199AC /* LaunchScreen.storyboard */; };
		36AA4A2B1E13E407003199AC /* NotoSans-Bold.ttf in Resources */ = {isa = PBXBuildFile; fileRef = 36AA4A271E13E407003199AC /* NotoSans-Bold.ttf */; };
		36AA4A2C1E13E407003199AC /* NotoSans-BoldItalic.ttf in Resources */ = {isa = PBXBuildFile; fileRef = 36AA4A281E13E407003199AC /* NotoSans-BoldItalic.ttf */; };
		36AA4A2D1E13E407003199AC /* NotoSans-Italic.ttf in Resources */ = {isa = PBXBuildFile; fileRef = 36AA4A291E13E407003199AC /* NotoSans-Italic.ttf */; };
		36AA4A2E1E13E407003199AC /* NotoSans-Regular.ttf in Resources */ = {isa = PBXBuildFile; fileRef = 36AA4A2A1E13E407003199AC /* NotoSans-Regular.ttf */; };
		36AA4A301E13E5F1003199AC /* MaterialView.swift in Sources */ = {isa = PBXBuildFile; fileRef = 36AA4A2F1E13E5F1003199AC /* MaterialView.swift */; };
		36AA4A331E13E63F003199AC /* Constants.swift in Sources */ = {isa = PBXBuildFile; fileRef = 36AA4A321E13E63F003199AC /* Constants.swift */; };
		36AA4A351E13E961003199AC /* MaterialButton.swift in Sources */ = {isa = PBXBuildFile; fileRef = 36AA4A341E13E961003199AC /* MaterialButton.swift */; };
		36AA4A371E13EB93003199AC /* MaterialTextField.swift in Sources */ = {isa = PBXBuildFile; fileRef = 36AA4A361E13EB93003199AC /* MaterialTextField.swift */; };
		36AA4A3C1E13F5E3003199AC /* Bolts.framework in Frameworks */ = {isa = PBXBuildFile; fileRef = 36AA4A391E13F5E3003199AC /* Bolts.framework */; };
		36AA4A3D1E13F5E3003199AC /* FBSDKCoreKit.framework in Frameworks */ = {isa = PBXBuildFile; fileRef = 36AA4A3A1E13F5E3003199AC /* FBSDKCoreKit.framework */; };
		36AA4A3E1E13F5E3003199AC /* FBSDKLoginKit.framework in Frameworks */ = {isa = PBXBuildFile; fileRef = 36AA4A3B1E13F5E3003199AC /* FBSDKLoginKit.framework */; };
		B5F8E81EAFFE1A39A7C372AE /* Pods_Showcase.framework in Frameworks */ = {isa = PBXBuildFile; fileRef = 8661ABC09E175D629320AC37 /* Pods_Showcase.framework */; };
/* End PBXBuildFile section */

/* Begin PBXFileReference section */
		3073ABD094894297D02BD09F /* Pods-Showcase.release.xcconfig */ = {isa = PBXFileReference; includeInIndex = 1; lastKnownFileType = text.xcconfig; name = "Pods-Showcase.release.xcconfig"; path = "Pods/Target Support Files/Pods-Showcase/Pods-Showcase.release.xcconfig"; sourceTree = "<group>"; };
		36AA4A0E1E13E35E003199AC /* Showcase.app */ = {isa = PBXFileReference; explicitFileType = wrapper.application; includeInIndex = 0; path = Showcase.app; sourceTree = BUILT_PRODUCTS_DIR; };
		36AA4A111E13E35E003199AC /* AppDelegate.swift */ = {isa = PBXFileReference; lastKnownFileType = sourcecode.swift; path = AppDelegate.swift; sourceTree = "<group>"; };
		36AA4A131E13E35E003199AC /* ViewController.swift */ = {isa = PBXFileReference; lastKnownFileType = sourcecode.swift; path = ViewController.swift; sourceTree = "<group>"; };
		36AA4A161E13E35E003199AC /* Base */ = {isa = PBXFileReference; lastKnownFileType = file.storyboard; name = Base; path = Base.lproj/Main.storyboard; sourceTree = "<group>"; };
		36AA4A181E13E35E003199AC /* Assets.xcassets */ = {isa = PBXFileReference; lastKnownFileType = folder.assetcatalog; path = Assets.xcassets; sourceTree = "<group>"; };
		36AA4A1B1E13E35E003199AC /* Base */ = {isa = PBXFileReference; lastKnownFileType = file.storyboard; name = Base; path = Base.lproj/LaunchScreen.storyboard; sourceTree = "<group>"; };
		36AA4A1D1E13E35E003199AC /* Info.plist */ = {isa = PBXFileReference; lastKnownFileType = text.plist.xml; path = Info.plist; sourceTree = "<group>"; };
		36AA4A271E13E407003199AC /* NotoSans-Bold.ttf */ = {isa = PBXFileReference; lastKnownFileType = file; path = "NotoSans-Bold.ttf"; sourceTree = "<group>"; };
		36AA4A281E13E407003199AC /* NotoSans-BoldItalic.ttf */ = {isa = PBXFileReference; lastKnownFileType = file; path = "NotoSans-BoldItalic.ttf"; sourceTree = "<group>"; };
		36AA4A291E13E407003199AC /* NotoSans-Italic.ttf */ = {isa = PBXFileReference; lastKnownFileType = file; path = "NotoSans-Italic.ttf"; sourceTree = "<group>"; };
		36AA4A2A1E13E407003199AC /* NotoSans-Regular.ttf */ = {isa = PBXFileReference; lastKnownFileType = file; path = "NotoSans-Regular.ttf"; sourceTree = "<group>"; };
		36AA4A2F1E13E5F1003199AC /* MaterialView.swift */ = {isa = PBXFileReference; fileEncoding = 4; lastKnownFileType = sourcecode.swift; path = MaterialView.swift; sourceTree = "<group>"; };
		36AA4A321E13E63F003199AC /* Constants.swift */ = {isa = PBXFileReference; fileEncoding = 4; lastKnownFileType = sourcecode.swift; path = Constants.swift; sourceTree = "<group>"; };
		36AA4A341E13E961003199AC /* MaterialButton.swift */ = {isa = PBXFileReference; fileEncoding = 4; lastKnownFileType = sourcecode.swift; path = MaterialButton.swift; sourceTree = "<group>"; };
		36AA4A361E13EB93003199AC /* MaterialTextField.swift */ = {isa = PBXFileReference; fileEncoding = 4; lastKnownFileType = sourcecode.swift; path = MaterialTextField.swift; sourceTree = "<group>"; };
		36AA4A391E13F5E3003199AC /* Bolts.framework */ = {isa = PBXFileReference; lastKnownFileType = wrapper.framework; path = Bolts.framework; sourceTree = "<group>"; };
		36AA4A3A1E13F5E3003199AC /* FBSDKCoreKit.framework */ = {isa = PBXFileReference; lastKnownFileType = wrapper.framework; path = FBSDKCoreKit.framework; sourceTree = "<group>"; };
		36AA4A3B1E13F5E3003199AC /* FBSDKLoginKit.framework */ = {isa = PBXFileReference; lastKnownFileType = wrapper.framework; path = FBSDKLoginKit.framework; sourceTree = "<group>"; };
		8661ABC09E175D629320AC37 /* Pods_Showcase.framework */ = {isa = PBXFileReference; explicitFileType = wrapper.framework; includeInIndex = 0; path = Pods_Showcase.framework; sourceTree = BUILT_PRODUCTS_DIR; };
		EDCA1768FF69BC79EDD975A2 /* Pods-Showcase.debug.xcconfig */ = {isa = PBXFileReference; includeInIndex = 1; lastKnownFileType = text.xcconfig; name = "Pods-Showcase.debug.xcconfig"; path = "Pods/Target Support Files/Pods-Showcase/Pods-Showcase.debug.xcconfig"; sourceTree = "<group>"; };
/* End PBXFileReference section */

/* Begin PBXFrameworksBuildPhase section */
		36AA4A0B1E13E35E003199AC /* Frameworks */ = {
			isa = PBXFrameworksBuildPhase;
			buildActionMask = 2147483647;
			files = (
				36AA4A3C1E13F5E3003199AC /* Bolts.framework in Frameworks */,
				36AA4A3D1E13F5E3003199AC /* FBSDKCoreKit.framework in Frameworks */,
				36AA4A3E1E13F5E3003199AC /* FBSDKLoginKit.framework in Frameworks */,
				B5F8E81EAFFE1A39A7C372AE /* Pods_Showcase.framework in Frameworks */,
			);
			runOnlyForDeploymentPostprocessing = 0;
		};
/* End PBXFrameworksBuildPhase section */

/* Begin PBXGroup section */
		0FDA3C527CE17DE3D7E32EC1 /* Pods */ = {
			isa = PBXGroup;
			children = (
				EDCA1768FF69BC79EDD975A2 /* Pods-Showcase.debug.xcconfig */,
				3073ABD094894297D02BD09F /* Pods-Showcase.release.xcconfig */,
			);
			name = Pods;
			sourceTree = "<group>";
		};
		36AA4A051E13E35E003199AC = {
			isa = PBXGroup;
			children = (
				36AA4A101E13E35E003199AC /* Showcase */,
				36AA4A0F1E13E35E003199AC /* Products */,
				0FDA3C527CE17DE3D7E32EC1 /* Pods */,
				FEB90F3504D384F1DF70594A /* Frameworks */,
			);
			sourceTree = "<group>";
		};
		36AA4A0F1E13E35E003199AC /* Products */ = {
			isa = PBXGroup;
			children = (
				36AA4A0E1E13E35E003199AC /* Showcase.app */,
			);
			name = Products;
			sourceTree = "<group>";
		};
		36AA4A101E13E35E003199AC /* Showcase */ = {
			isa = PBXGroup;
			children = (
				36AA4A381E13F5CA003199AC /* Frameworks */,
				36AA4A311E13E62E003199AC /* Utils */,
				36AA4A261E13E382003199AC /* Resources */,
				36AA4A251E13E37B003199AC /* Model */,
				36AA4A241E13E376003199AC /* View */,
				36AA4A231E13E371003199AC /* Controller */,
				36AA4A111E13E35E003199AC /* AppDelegate.swift */,
				36AA4A131E13E35E003199AC /* ViewController.swift */,
				36AA4A151E13E35E003199AC /* Main.storyboard */,
				36AA4A181E13E35E003199AC /* Assets.xcassets */,
				36AA4A1A1E13E35E003199AC /* LaunchScreen.storyboard */,
				36AA4A1D1E13E35E003199AC /* Info.plist */,
			);
			path = Showcase;
			sourceTree = "<group>";
		};
		36AA4A231E13E371003199AC /* Controller */ = {
			isa = PBXGroup;
			children = (
			);
			name = Controller;
			sourceTree = "<group>";
		};
		36AA4A241E13E376003199AC /* View */ = {
			isa = PBXGroup;
			children = (
				36AA4A2F1E13E5F1003199AC /* MaterialView.swift */,
				36AA4A341E13E961003199AC /* MaterialButton.swift */,
				36AA4A361E13EB93003199AC /* MaterialTextField.swift */,
			);
			name = View;
			sourceTree = "<group>";
		};
		36AA4A251E13E37B003199AC /* Model */ = {
			isa = PBXGroup;
			children = (
			);
			name = Model;
			sourceTree = "<group>";
		};
		36AA4A261E13E382003199AC /* Resources */ = {
			isa = PBXGroup;
			children = (
				36AA4A271E13E407003199AC /* NotoSans-Bold.ttf */,
				36AA4A281E13E407003199AC /* NotoSans-BoldItalic.ttf */,
				36AA4A291E13E407003199AC /* NotoSans-Italic.ttf */,
				36AA4A2A1E13E407003199AC /* NotoSans-Regular.ttf */,
			);
			name = Resources;
			sourceTree = "<group>";
		};
		36AA4A311E13E62E003199AC /* Utils */ = {
			isa = PBXGroup;
			children = (
				36AA4A321E13E63F003199AC /* Constants.swift */,
			);
			name = Utils;
			sourceTree = "<group>";
		};
		36AA4A381E13F5CA003199AC /* Frameworks */ = {
			isa = PBXGroup;
			children = (
				36AA4A391E13F5E3003199AC /* Bolts.framework */,
				36AA4A3A1E13F5E3003199AC /* FBSDKCoreKit.framework */,
				36AA4A3B1E13F5E3003199AC /* FBSDKLoginKit.framework */,
			);
			name = Frameworks;
			sourceTree = "<group>";
		};
		FEB90F3504D384F1DF70594A /* Frameworks */ = {
			isa = PBXGroup;
			children = (
				8661ABC09E175D629320AC37 /* Pods_Showcase.framework */,
			);
			name = Frameworks;
			sourceTree = "<group>";
		};
/* End PBXGroup section */

/* Begin PBXNativeTarget section */
		36AA4A0D1E13E35E003199AC /* Showcase */ = {
			isa = PBXNativeTarget;
			buildConfigurationList = 36AA4A201E13E35E003199AC /* Build configuration list for PBXNativeTarget "Showcase" */;
			buildPhases = (
				FFD645B33A63F47020874632 /* [CP] Check Pods Manifest.lock */,
				36AA4A0A1E13E35E003199AC /* Sources */,
				36AA4A0B1E13E35E003199AC /* Frameworks */,
				36AA4A0C1E13E35E003199AC /* Resources */,
				8FAEA6BA9B799800784FE72E /* [CP] Embed Pods Frameworks */,
				95EE89A35C0CE3BFCBF56436 /* [CP] Copy Pods Resources */,
			);
			buildRules = (
			);
			dependencies = (
			);
			name = Showcase;
			productName = Showcase;
			productReference = 36AA4A0E1E13E35E003199AC /* Showcase.app */;
			productType = "com.apple.product-type.application";
		};
/* End PBXNativeTarget section */

/* Begin PBXProject section */
		36AA4A061E13E35E003199AC /* Project object */ = {
			isa = PBXProject;
			attributes = {
				LastSwiftUpdateCheck = 0820;
				LastUpgradeCheck = 0820;
				ORGANIZATIONNAME = "Dinesh Vijaykumar";
				TargetAttributes = {
					36AA4A0D1E13E35E003199AC = {
						CreatedOnToolsVersion = 8.2.1;
						ProvisioningStyle = Automatic;
					};
				};
			};
			buildConfigurationList = 36AA4A091E13E35E003199AC /* Build configuration list for PBXProject "Showcase" */;
			compatibilityVersion = "Xcode 3.2";
			developmentRegion = English;
			hasScannedForEncodings = 0;
			knownRegions = (
				en,
				Base,
			);
			mainGroup = 36AA4A051E13E35E003199AC;
			productRefGroup = 36AA4A0F1E13E35E003199AC /* Products */;
			projectDirPath = "";
			projectRoot = "";
			targets = (
				36AA4A0D1E13E35E003199AC /* Showcase */,
			);
		};
/* End PBXProject section */

/* Begin PBXResourcesBuildPhase section */
		36AA4A0C1E13E35E003199AC /* Resources */ = {
			isa = PBXResourcesBuildPhase;
			buildActionMask = 2147483647;
			files = (
				36AA4A2B1E13E407003199AC /* NotoSans-Bold.ttf in Resources */,
				36AA4A1C1E13E35E003199AC /* LaunchScreen.storyboard in Resources */,
				36AA4A2C1E13E407003199AC /* NotoSans-BoldItalic.ttf in Resources */,
				36AA4A2D1E13E407003199AC /* NotoSans-Italic.ttf in Resources */,
				36AA4A191E13E35E003199AC /* Assets.xcassets in Resources */,
				36AA4A171E13E35E003199AC /* Main.storyboard in Resources */,
				36AA4A2E1E13E407003199AC /* NotoSans-Regular.ttf in Resources */,
			);
			runOnlyForDeploymentPostprocessing = 0;
		};
/* End PBXResourcesBuildPhase section */

/* Begin PBXShellScriptBuildPhase section */
		8FAEA6BA9B799800784FE72E /* [CP] Embed Pods Frameworks */ = {
			isa = PBXShellScriptBuildPhase;
			buildActionMask = 2147483647;
			files = (
			);
			inputPaths = (
			);
			name = "[CP] Embed Pods Frameworks";
			outputPaths = (
			);
			runOnlyForDeploymentPostprocessing = 0;
			shellPath = /bin/sh;
			shellScript = "\"${SRCROOT}/Pods/Target Support Files/Pods-Showcase/Pods-Showcase-frameworks.sh\"\n";
			showEnvVarsInLog = 0;
		};
		95EE89A35C0CE3BFCBF56436 /* [CP] Copy Pods Resources */ = {
			isa = PBXShellScriptBuildPhase;
			buildActionMask = 2147483647;
			files = (
			);
			inputPaths = (
			);
			name = "[CP] Copy Pods Resources";
			outputPaths = (
			);
			runOnlyForDeploymentPostprocessing = 0;
			shellPath = /bin/sh;
			shellScript = "\"${SRCROOT}/Pods/Target Support Files/Pods-Showcase/Pods-Showcase-resources.sh\"\n";
			showEnvVarsInLog = 0;
		};
		FFD645B33A63F47020874632 /* [CP] Check Pods Manifest.lock */ = {
			isa = PBXShellScriptBuildPhase;
			buildActionMask = 2147483647;
			files = (
			);
			inputPaths = (
			);
			name = "[CP] Check Pods Manifest.lock";
			outputPaths = (
			);
			runOnlyForDeploymentPostprocessing = 0;
			shellPath = /bin/sh;
			shellScript = "diff \"${PODS_ROOT}/../Podfile.lock\" \"${PODS_ROOT}/Manifest.lock\" > /dev/null\nif [ $? != 0 ] ; then\n    # print error to STDERR\n    echo \"error: The sandbox is not in sync with the Podfile.lock. Run 'pod install' or update your CocoaPods installation.\" >&2\n    exit 1\nfi\n";
			showEnvVarsInLog = 0;
		};
/* End PBXShellScriptBuildPhase section */

/* Begin PBXSourcesBuildPhase section */
		36AA4A0A1E13E35E003199AC /* Sources */ = {
			isa = PBXSourcesBuildPhase;
			buildActionMask = 2147483647;
			files = (
				36AA4A371E13EB93003199AC /* MaterialTextField.swift in Sources */,
				36AA4A301E13E5F1003199AC /* MaterialView.swift in Sources */,
				36AA4A141E13E35E003199AC /* ViewController.swift in Sources */,
				36AA4A121E13E35E003199AC /* AppDelegate.swift in Sources */,
				36AA4A331E13E63F003199AC /* Constants.swift in Sources */,
				36AA4A351E13E961003199AC /* MaterialButton.swift in Sources */,
			);
			runOnlyForDeploymentPostprocessing = 0;
		};
/* End PBXSourcesBuildPhase section */

/* Begin PBXVariantGroup section */
		36AA4A151E13E35E003199AC /* Main.storyboard */ = {
			isa = PBXVariantGroup;
			children = (
				36AA4A161E13E35E003199AC /* Base */,
			);
			name = Main.storyboard;
			sourceTree = "<group>";
		};
		36AA4A1A1E13E35E003199AC /* LaunchScreen.storyboard */ = {
			isa = PBXVariantGroup;
			children = (
				36AA4A1B1E13E35E003199AC /* Base */,
			);
			name = LaunchScreen.storyboard;
			sourceTree = "<group>";
		};
/* End PBXVariantGroup section */

/* Begin XCBuildConfiguration section */
		36AA4A1E1E13E35E003199AC /* Debug */ = {
			isa = XCBuildConfiguration;
			buildSettings = {
				ALWAYS_SEARCH_USER_PATHS = NO;
				CLANG_ANALYZER_NONNULL = YES;
				CLANG_CXX_LANGUAGE_STANDARD = "gnu++0x";
				CLANG_CXX_LIBRARY = "libc++";
				CLANG_ENABLE_MODULES = YES;
				CLANG_ENABLE_OBJC_ARC = YES;
				CLANG_WARN_BOOL_CONVERSION = YES;
				CLANG_WARN_CONSTANT_CONVERSION = YES;
				CLANG_WARN_DIRECT_OBJC_ISA_USAGE = YES_ERROR;
				CLANG_WARN_DOCUMENTATION_COMMENTS = YES;
				CLANG_WARN_EMPTY_BODY = YES;
				CLANG_WARN_ENUM_CONVERSION = YES;
				CLANG_WARN_INFINITE_RECURSION = YES;
				CLANG_WARN_INT_CONVERSION = YES;
				CLANG_WARN_OBJC_ROOT_CLASS = YES_ERROR;
				CLANG_WARN_SUSPICIOUS_MOVE = YES;
				CLANG_WARN_UNREACHABLE_CODE = YES;
				CLANG_WARN__DUPLICATE_METHOD_MATCH = YES;
				"CODE_SIGN_IDENTITY[sdk=iphoneos*]" = "iPhone Developer";
				COPY_PHASE_STRIP = NO;
				DEBUG_INFORMATION_FORMAT = dwarf;
				ENABLE_STRICT_OBJC_MSGSEND = YES;
				ENABLE_TESTABILITY = YES;
				GCC_C_LANGUAGE_STANDARD = gnu99;
				GCC_DYNAMIC_NO_PIC = NO;
				GCC_NO_COMMON_BLOCKS = YES;
				GCC_OPTIMIZATION_LEVEL = 0;
				GCC_PREPROCESSOR_DEFINITIONS = (
					"DEBUG=1",
					"$(inherited)",
				);
				GCC_WARN_64_TO_32_BIT_CONVERSION = YES;
				GCC_WARN_ABOUT_RETURN_TYPE = YES_ERROR;
				GCC_WARN_UNDECLARED_SELECTOR = YES;
				GCC_WARN_UNINITIALIZED_AUTOS = YES_AGGRESSIVE;
				GCC_WARN_UNUSED_FUNCTION = YES;
				GCC_WARN_UNUSED_VARIABLE = YES;
				IPHONEOS_DEPLOYMENT_TARGET = 10.2;
				MTL_ENABLE_DEBUG_INFO = YES;
				ONLY_ACTIVE_ARCH = YES;
				SDKROOT = iphoneos;
				SWIFT_ACTIVE_COMPILATION_CONDITIONS = DEBUG;
				SWIFT_OPTIMIZATION_LEVEL = "-Onone";
			};
			name = Debug;
		};
		36AA4A1F1E13E35E003199AC /* Release */ = {
			isa = XCBuildConfiguration;
			buildSettings = {
				ALWAYS_SEARCH_USER_PATHS = NO;
				CLANG_ANALYZER_NONNULL = YES;
				CLANG_CXX_LANGUAGE_STANDARD = "gnu++0x";
				CLANG_CXX_LIBRARY = "libc++";
				CLANG_ENABLE_MODULES = YES;
				CLANG_ENABLE_OBJC_ARC = YES;
				CLANG_WARN_BOOL_CONVERSION = YES;
				CLANG_WARN_CONSTANT_CONVERSION = YES;
				CLANG_WARN_DIRECT_OBJC_ISA_USAGE = YES_ERROR;
				CLANG_WARN_DOCUMENTATION_COMMENTS = YES;
				CLANG_WARN_EMPTY_BODY = YES;
				CLANG_WARN_ENUM_CONVERSION = YES;
				CLANG_WARN_INFINITE_RECURSION = YES;
				CLANG_WARN_INT_CONVERSION = YES;
				CLANG_WARN_OBJC_ROOT_CLASS = YES_ERROR;
				CLANG_WARN_SUSPICIOUS_MOVE = YES;
				CLANG_WARN_UNREACHABLE_CODE = YES;
				CLANG_WARN__DUPLICATE_METHOD_MATCH = YES;
				"CODE_SIGN_IDENTITY[sdk=iphoneos*]" = "iPhone Developer";
				COPY_PHASE_STRIP = NO;
				DEBUG_INFORMATION_FORMAT = "dwarf-with-dsym";
				ENABLE_NS_ASSERTIONS = NO;
				ENABLE_STRICT_OBJC_MSGSEND = YES;
				GCC_C_LANGUAGE_STANDARD = gnu99;
				GCC_NO_COMMON_BLOCKS = YES;
				GCC_WARN_64_TO_32_BIT_CONVERSION = YES;
				GCC_WARN_ABOUT_RETURN_TYPE = YES_ERROR;
				GCC_WARN_UNDECLARED_SELECTOR = YES;
				GCC_WARN_UNINITIALIZED_AUTOS = YES_AGGRESSIVE;
				GCC_WARN_UNUSED_FUNCTION = YES;
				GCC_WARN_UNUSED_VARIABLE = YES;
				IPHONEOS_DEPLOYMENT_TARGET = 10.2;
				MTL_ENABLE_DEBUG_INFO = NO;
				SDKROOT = iphoneos;
				SWIFT_OPTIMIZATION_LEVEL = "-Owholemodule";
				VALIDATE_PRODUCT = YES;
			};
			name = Release;
		};
		36AA4A211E13E35E003199AC /* Debug */ = {
			isa = XCBuildConfiguration;
			baseConfigurationReference = EDCA1768FF69BC79EDD975A2 /* Pods-Showcase.debug.xcconfig */;
			buildSettings = {
				ASSETCATALOG_COMPILER_APPICON_NAME = AppIcon;
				ENABLE_BITCODE = NO;
				FRAMEWORK_SEARCH_PATHS = (
					"$(inherited)",
					"$(PROJECT_DIR)/Showcase",
				);
				INFOPLIST_FILE = Showcase/Info.plist;
				LD_RUNPATH_SEARCH_PATHS = "$(inherited) @executable_path/Frameworks";
				PRODUCT_BUNDLE_IDENTIFIER = com.dinesh.Showcase;
				PRODUCT_NAME = "$(TARGET_NAME)";
				SWIFT_VERSION = 3.0;
			};
			name = Debug;
		};
		36AA4A221E13E35E003199AC /* Release */ = {
			isa = XCBuildConfiguration;
			baseConfigurationReference = 3073ABD094894297D02BD09F /* Pods-Showcase.release.xcconfig */;
			buildSettings = {
				ASSETCATALOG_COMPILER_APPICON_NAME = AppIcon;
				ENABLE_BITCODE = NO;
				FRAMEWORK_SEARCH_PATHS = (
					"$(inherited)",
					"$(PROJECT_DIR)/Showcase",
				);
				INFOPLIST_FILE = Showcase/Info.plist;
				LD_RUNPATH_SEARCH_PATHS = "$(inherited) @executable_path/Frameworks";
				PRODUCT_BUNDLE_IDENTIFIER = com.dinesh.Showcase;
				PRODUCT_NAME = "$(TARGET_NAME)";
				SWIFT_VERSION = 3.0;
			};
			name = Release;
		};
/* End XCBuildConfiguration section */

/* Begin XCConfigurationList section */
		36AA4A091E13E35E003199AC /* Build configuration list for PBXProject "Showcase" */ = {
			isa = XCConfigurationList;
			buildConfigurations = (
				36AA4A1E1E13E35E003199AC /* Debug */,
				36AA4A1F1E13E35E003199AC /* Release */,
			);
			defaultConfigurationIsVisible = 0;
			defaultConfigurationName = Release;
		};
		36AA4A201E13E35E003199AC /* Build configuration list for PBXNativeTarget "Showcase" */ = {
			isa = XCConfigurationList;
			buildConfigurations = (
				36AA4A211E13E35E003199AC /* Debug */,
				36AA4A221E13E35E003199AC /* Release */,
			);
			defaultConfigurationIsVisible = 0;
			defaultConfigurationName = Release;
		};
/* End XCConfigurationList section */
	};
	rootObject = 36AA4A061E13E35E003199AC /* Project object */;
}
